<?xml version="1.0" encoding="utf-8"?>
<Project ToolsVersion="4.0" xmlns="http://schemas.microsoft.com/developer/msbuild/2003">
  <ItemGroup>
    <Filter Include="Header Files">
      <UniqueIdentifier>{21EB8090-0D4E-1035-B6D3-48EBA215DCB7}</UniqueIdentifier>
    </Filter>
    <Filter Include="Source Files">
      <UniqueIdentifier>{E9C7FDCE-D52A-8D73-7EB0-C5296AF258F6}</UniqueIdentifier>
    </Filter>
  </ItemGroup>
  <ItemGroup>
    <ClCompile Include="src\main.c">
      <Filter>Source Files</Filter>
    </ClCompile>
    <ClCompile Include="world.c">
      <Filter>Source Files</Filter>
    </ClCompile>
    <ClCompile Include="body.c">
      <Filter>Source Files</Filter>
    </ClCompile>
    <ClCompile Include="render.c">
      <Filter>Source Files</Filter>
    </ClCompile>
    <ClCompile Include="editor.c">
      <Filter>Source Files</Filter>
    </ClCompile>
    <ClCompile Include="spring.c">
      <Filter>Source Files</Filter>
    </ClCompile>
    <ClCompile Include="contact.c">
      <Filter>Source Files</Filter>
    </ClCompile>
    <ClCompile Include="collision.c">
      <Filter>Source Files</Filter>
    </ClCompile>
  </ItemGroup>
  <ItemGroup>
    <ClInclude Include="body.h">
      <Filter>Header Files</Filter>
    </ClInclude>
    <ClInclude Include="integrator.h">
      <Filter>Header Files</Filter>
    </ClInclude>
    <ClInclude Include="mathf.h">
      <Filter>Header Files</Filter>
    </ClInclude>
    <ClInclude Include="world.h">
      <Filter>Header Files</Filter>
    </ClInclude>
    <ClInclude Include="render.h">
      <Filter>Header Files</Filter>
    </ClInclude>
    <ClInclude Include="editor.h">
      <Filter>Header Files</Filter>
    </ClInclude>
    <ClInclude Include="spring.h">
      <Filter>Header Files</Filter>
    </ClInclude>
    <ClInclude Include="contact.h">
      <Filter>Header Files</Filter>
    </ClInclude>
    <ClInclude Include="collision.h">
      <Filter>Header Files</Filter>
    </ClInclude>
  </ItemGroup>
</Project>